
Microsoft Visual Studio Solution File, Format Version 12.00
# Visual Studio Version 17
VisualStudioVersion = 17.4.33403.182
MinimumVisualStudioVersion = 10.0.40219.1
Project("{FAE04EC0-301F-11D3-BF4B-00C04F79EFBC}") = "WebShare", "WebShare.csproj", "{249B19E9-7EBE-47EB-90C1-BF4F1B15835D}"
EndProject
Global
	GlobalSection(SolutionConfigurationPlatforms) = preSolution
		Debug|Any CPU = Debug|Any CPU
		Release|Any CPU = Release|Any CPU
	EndGlobalSection
	GlobalSection(ProjectConfigurationPlatforms) = postSolution
		{249B19E9-7EBE-47EB-90C1-BF4F1B15835D}.Debug|Any CPU.ActiveCfg = Debug|Any CPU
		{249B19E9-7EBE-47EB-90C1-BF4F1B15835D}.Debug|Any CPU.Build.0 = Debug|Any CPU
		{249B19E9-7EBE-47EB-90C1-BF4F1B15835D}.Release|Any CPU.ActiveCfg = Release|Any CPU
		{249B19E9-7EBE-47EB-90C1-BF4F1B15835D}.Release|Any CPU.Build.0 = Release|Any CPU
	EndGlobalSection
	GlobalSection(SolutionProperties) = preSolution
		HideSolutionNode = FALSE
	EndGlobalSection
	GlobalSection(ExtensibilityGlobals) = postSolution
		SolutionGuid = {98C6FE57-4039-4811-8574-420D94F4D06F}
	EndGlobalSection
EndGlobal
